
Microsoft Visual Studio Solution File, Format Version 12.00
# Visual Studio Version 17
VisualStudioVersion = 17.0.31903.59
MinimumVisualStudioVersion = 10.0.40219.1
Project("{2150E333-8FDC-42A3-9474-1A3956D46DE8}") = "src", "src", "{A112FA9A-362C-4BDA-8ECE-CE947D15A77E}"
EndProject
Project("{FAE04EC0-301F-11D3-BF4B-00C04F79EFBC}") = "Nabu.Mcp.AspNetCore", "src\Nabu.Mcp.AspNetCore\Nabu.Mcp.AspNetCore.csproj", "{538BD570-0350-4CD4-865D-3C4089C2B4C6}"
EndProject
Project("{2150E333-8FDC-42A3-9474-1A3956D46DE8}") = "samples", "samples", "{B05E5686-1D65-4C6F-9D3D-46085308BD61}"
EndProject
Project("{FAE04EC0-301F-11D3-BF4B-00C04F79EFBC}") = "Nabu.Sample.TodoApi", "samples\Nabu.Sample.TodoApi\Nabu.Sample.TodoApi.csproj", "{3B994537-17FB-4D0A-B150-C9C23FE07D4B}"
EndProject
Project("{2150E333-8FDC-42A3-9474-1A3956D46DE8}") = "tests", "tests", "{953F87EF-0B57-4E51-8FE2-5751C5EA85DA}"
EndProject
Project("{FAE04EC0-301F-11D3-BF4B-00C04F79EFBC}") = "Nabu.Mcp.AspNetCore.Tests", "tests\Nabu.Mcp.AspNetCore.Tests\Nabu.Mcp.AspNetCore.Tests.csproj", "{D6F87D30-AD26-4AA5-A06C-05D0ACE14401}"
EndProject
Project("{FAE04EC0-301F-11D3-BF4B-00C04F79EFBC}") = "Nabu.Mcp.ModelContextProtocol", "src\Nabu.Mcp.ModelContextProtocol\Nabu.Mcp.ModelContextProtocol.csproj", "{6FB05845-D5C8-4796-839C-12DECC570512}"
EndProject
Project("{FAE04EC0-301F-11D3-BF4B-00C04F79EFBC}") = "Nabu.Sample.OfficialSdk", "samples\Nabu.Sample.OfficialSdk\Nabu.Sample.OfficialSdk.csproj", "{DC0A2C9B-B7D5-426E-AAA7-46320F9DF846}"
EndProject
Project("{FAE04EC0-301F-11D3-BF4B-00C04F79EFBC}") = "Nabu.Mcp.AspNetCore.SignalR", "src\Nabu.Mcp.AspNetCore.SignalR\Nabu.Mcp.AspNetCore.SignalR.csproj", "{B2D1B603-6554-4CA1-8675-FE2DB20BCAE2}"
EndProject
Project("{FAE04EC0-301F-11D3-BF4B-00C04F79EFBC}") = "Nabu.Mcp.AspNetCore.SignalR.Tests", "tests\Nabu.Mcp.AspNetCore.SignalR.Tests\Nabu.Mcp.AspNetCore.SignalR.Tests.csproj", "{20A9D999-C223-4885-849A-9B9F8412496F}"
EndProject
Project("{FAE04EC0-301F-11D3-BF4B-00C04F79EFBC}") = "Nabu.Sample.ChatHub", "samples\Nabu.Sample.ChatHub\Nabu.Sample.ChatHub.csproj", "{D98ECD59-23C9-487B-909E-027998E9821C}"
EndProject
Project("{FAE04EC0-301F-11D3-BF4B-00C04F79EFBC}") = "Nabu.Mcp.AspNetCore.OData", "src\Nabu.Mcp.AspNetCore.OData\Nabu.Mcp.AspNetCore.OData.csproj", "{8BA4050C-7CE9-4CA3-97BD-0CCBBFDA39BA}"
EndProject
Project("{FAE04EC0-301F-11D3-BF4B-00C04F79EFBC}") = "Nabu.Sample.ODataApi", "samples\Nabu.Sample.ODataApi\Nabu.Sample.ODataApi.csproj", "{E80200DF-0585-4E8C-940A-68856A08754B}"
EndProject
Project("{FAE04EC0-301F-11D3-BF4B-00C04F79EFBC}") = "Nabu.Mcp.AspNetCore.OData.Tests", "tests\Nabu.Mcp.AspNetCore.OData.Tests\Nabu.Mcp.AspNetCore.OData.Tests.csproj", "{132BD84C-C2E4-4C12-B70D-5E4D0AF5AF14}"
EndProject
Global
	GlobalSection(SolutionConfigurationPlatforms) = preSolution
		Debug|Any CPU = Debug|Any CPU
		Debug|x64 = Debug|x64
		Debug|x86 = Debug|x86
		Release|Any CPU = Release|Any CPU
		Release|x64 = Release|x64
		Release|x86 = Release|x86
	EndGlobalSection
	GlobalSection(ProjectConfigurationPlatforms) = postSolution
		{538BD570-0350-4CD4-865D-3C4089C2B4C6}.Debug|Any CPU.ActiveCfg = Debug|Any CPU
		{538BD570-0350-4CD4-865D-3C4089C2B4C6}.Debug|Any CPU.Build.0 = Debug|Any CPU
		{538BD570-0350-4CD4-865D-3C4089C2B4C6}.Debug|x64.ActiveCfg = Debug|Any CPU
		{538BD570-0350-4CD4-865D-3C4089C2B4C6}.Debug|x64.Build.0 = Debug|Any CPU
		{538BD570-0350-4CD4-865D-3C4089C2B4C6}.Debug|x86.ActiveCfg = Debug|Any CPU
		{538BD570-0350-4CD4-865D-3C4089C2B4C6}.Debug|x86.Build.0 = Debug|Any CPU
		{538BD570-0350-4CD4-865D-3C4089C2B4C6}.Release|Any CPU.ActiveCfg = Release|Any CPU
		{538BD570-0350-4CD4-865D-3C4089C2B4C6}.Release|Any CPU.Build.0 = Release|Any CPU
		{538BD570-0350-4CD4-865D-3C4089C2B4C6}.Release|x64.ActiveCfg = Release|Any CPU
		{538BD570-0350-4CD4-865D-3C4089C2B4C6}.Release|x64.Build.0 = Release|Any CPU
		{538BD570-0350-4CD4-865D-3C4089C2B4C6}.Release|x86.ActiveCfg = Release|Any CPU
		{538BD570-0350-4CD4-865D-3C4089C2B4C6}.Release|x86.Build.0 = Release|Any CPU
		{3B994537-17FB-4D0A-B150-C9C23FE07D4B}.Debug|Any CPU.ActiveCfg = Debug|Any CPU
		{3B994537-17FB-4D0A-B150-C9C23FE07D4B}.Debug|Any CPU.Build.0 = Debug|Any CPU
		{3B994537-17FB-4D0A-B150-C9C23FE07D4B}.Debug|x64.ActiveCfg = Debug|Any CPU
		{3B994537-17FB-4D0A-B150-C9C23FE07D4B}.Debug|x64.Build.0 = Debug|Any CPU
		{3B994537-17FB-4D0A-B150-C9C23FE07D4B}.Debug|x86.ActiveCfg = Debug|Any CPU
		{3B994537-17FB-4D0A-B150-C9C23FE07D4B}.Debug|x86.Build.0 = Debug|Any CPU
		{3B994537-17FB-4D0A-B150-C9C23FE07D4B}.Release|Any CPU.ActiveCfg = Release|Any CPU
		{3B994537-17FB-4D0A-B150-C9C23FE07D4B}.Release|Any CPU.Build.0 = Release|Any CPU
		{3B994537-17FB-4D0A-B150-C9C23FE07D4B}.Release|x64.ActiveCfg = Release|Any CPU
		{3B994537-17FB-4D0A-B150-C9C23FE07D4B}.Release|x64.Build.0 = Release|Any CPU
		{3B994537-17FB-4D0A-B150-C9C23FE07D4B}.Release|x86.ActiveCfg = Release|Any CPU
		{3B994537-17FB-4D0A-B150-C9C23FE07D4B}.Release|x86.Build.0 = Release|Any CPU
		{D6F87D30-AD26-4AA5-A06C-05D0ACE14401}.Debug|Any CPU.ActiveCfg = Debug|Any CPU
		{D6F87D30-AD26-4AA5-A06C-05D0ACE14401}.Debug|Any CPU.Build.0 = Debug|Any CPU
		{D6F87D30-AD26-4AA5-A06C-05D0ACE14401}.Debug|x64.ActiveCfg = Debug|Any CPU
		{D6F87D30-AD26-4AA5-A06C-05D0ACE14401}.Debug|x64.Build.0 = Debug|Any CPU
		{D6F87D30-AD26-4AA5-A06C-05D0ACE14401}.Debug|x86.ActiveCfg = Debug|Any CPU
		{D6F87D30-AD26-4AA5-A06C-05D0ACE14401}.Debug|x86.Build.0 = Debug|Any CPU
		{D6F87D30-AD26-4AA5-A06C-05D0ACE14401}.Release|Any CPU.ActiveCfg = Release|Any CPU
		{D6F87D30-AD26-4AA5-A06C-05D0ACE14401}.Release|Any CPU.Build.0 = Release|Any CPU
		{D6F87D30-AD26-4AA5-A06C-05D0ACE14401}.Release|x64.ActiveCfg = Release|Any CPU
		{D6F87D30-AD26-4AA5-A06C-05D0ACE14401}.Release|x64.Build.0 = Release|Any CPU
		{D6F87D30-AD26-4AA5-A06C-05D0ACE14401}.Release|x86.ActiveCfg = Release|Any CPU
		{D6F87D30-AD26-4AA5-A06C-05D0ACE14401}.Release|x86.Build.0 = Release|Any CPU
		{6FB05845-D5C8-4796-839C-12DECC570512}.Debug|Any CPU.ActiveCfg = Debug|Any CPU
		{6FB05845-D5C8-4796-839C-12DECC570512}.Debug|Any CPU.Build.0 = Debug|Any CPU
		{6FB05845-D5C8-4796-839C-12DECC570512}.Debug|x64.ActiveCfg = Debug|Any CPU
		{6FB05845-D5C8-4796-839C-12DECC570512}.Debug|x64.Build.0 = Debug|Any CPU
		{6FB05845-D5C8-4796-839C-12DECC570512}.Debug|x86.ActiveCfg = Debug|Any CPU
		{6FB05845-D5C8-4796-839C-12DECC570512}.Debug|x86.Build.0 = Debug|Any CPU
		{6FB05845-D5C8-4796-839C-12DECC570512}.Release|Any CPU.ActiveCfg = Release|Any CPU
		{6FB05845-D5C8-4796-839C-12DECC570512}.Release|Any CPU.Build.0 = Release|Any CPU
		{6FB05845-D5C8-4796-839C-12DECC570512}.Release|x64.ActiveCfg = Release|Any CPU
		{6FB05845-D5C8-4796-839C-12DECC570512}.Release|x64.Build.0 = Release|Any CPU
		{6FB05845-D5C8-4796-839C-12DECC570512}.Release|x86.ActiveCfg = Release|Any CPU
		{6FB05845-D5C8-4796-839C-12DECC570512}.Release|x86.Build.0 = Release|Any CPU
		{DC0A2C9B-B7D5-426E-AAA7-46320F9DF846}.Debug|Any CPU.ActiveCfg = Debug|Any CPU
		{DC0A2C9B-B7D5-426E-AAA7-46320F9DF846}.Debug|Any CPU.Build.0 = Debug|Any CPU
		{DC0A2C9B-B7D5-426E-AAA7-46320F9DF846}.Debug|x64.ActiveCfg = Debug|Any CPU
		{DC0A2C9B-B7D5-426E-AAA7-46320F9DF846}.Debug|x64.Build.0 = Debug|Any CPU
		{DC0A2C9B-B7D5-426E-AAA7-46320F9DF846}.Debug|x86.ActiveCfg = Debug|Any CPU
		{DC0A2C9B-B7D5-426E-AAA7-46320F9DF846}.Debug|x86.Build.0 = Debug|Any CPU
		{DC0A2C9B-B7D5-426E-AAA7-46320F9DF846}.Release|Any CPU.ActiveCfg = Release|Any CPU
		{DC0A2C9B-B7D5-426E-AAA7-46320F9DF846}.Release|Any CPU.Build.0 = Release|Any CPU
		{DC0A2C9B-B7D5-426E-AAA7-46320F9DF846}.Release|x64.ActiveCfg = Release|Any CPU
		{DC0A2C9B-B7D5-426E-AAA7-46320F9DF846}.Release|x64.Build.0 = Release|Any CPU
		{DC0A2C9B-B7D5-426E-AAA7-46320F9DF846}.Release|x86.ActiveCfg = Release|Any CPU
		{DC0A2C9B-B7D5-426E-AAA7-46320F9DF846}.Release|x86.Build.0 = Release|Any CPU
		{B2D1B603-6554-4CA1-8675-FE2DB20BCAE2}.Debug|Any CPU.ActiveCfg = Debug|Any CPU
		{B2D1B603-6554-4CA1-8675-FE2DB20BCAE2}.Debug|Any CPU.Build.0 = Debug|Any CPU
		{B2D1B603-6554-4CA1-8675-FE2DB20BCAE2}.Debug|x64.ActiveCfg = Debug|Any CPU
		{B2D1B603-6554-4CA1-8675-FE2DB20BCAE2}.Debug|x64.Build.0 = Debug|Any CPU
		{B2D1B603-6554-4CA1-8675-FE2DB20BCAE2}.Debug|x86.ActiveCfg = Debug|Any CPU
		{B2D1B603-6554-4CA1-8675-FE2DB20BCAE2}.Debug|x86.Build.0 = Debug|Any CPU
		{B2D1B603-6554-4CA1-8675-FE2DB20BCAE2}.Release|Any CPU.ActiveCfg = Release|Any CPU
		{B2D1B603-6554-4CA1-8675-FE2DB20BCAE2}.Release|Any CPU.Build.0 = Release|Any CPU
		{B2D1B603-6554-4CA1-8675-FE2DB20BCAE2}.Release|x64.ActiveCfg = Release|Any CPU
		{B2D1B603-6554-4CA1-8675-FE2DB20BCAE2}.Release|x64.Build.0 = Release|Any CPU
		{B2D1B603-6554-4CA1-8675-FE2DB20BCAE2}.Release|x86.ActiveCfg = Release|Any CPU
		{B2D1B603-6554-4CA1-8675-FE2DB20BCAE2}.Release|x86.Build.0 = Release|Any CPU
		{20A9D999-C223-4885-849A-9B9F8412496F}.Debug|Any CPU.ActiveCfg = Debug|Any CPU
		{20A9D999-C223-4885-849A-9B9F8412496F}.Debug|Any CPU.Build.0 = Debug|Any CPU
		{20A9D999-C223-4885-849A-9B9F8412496F}.Debug|x64.ActiveCfg = Debug|Any CPU
		{20A9D999-C223-4885-849A-9B9F8412496F}.Debug|x64.Build.0 = Debug|Any CPU
		{20A9D999-C223-4885-849A-9B9F8412496F}.Debug|x86.ActiveCfg = Debug|Any CPU
		{20A9D999-C223-4885-849A-9B9F8412496F}.Debug|x86.Build.0 = Debug|Any CPU
		{20A9D999-C223-4885-849A-9B9F8412496F}.Release|Any CPU.ActiveCfg = Release|Any CPU
		{20A9D999-C223-4885-849A-9B9F8412496F}.Release|Any CPU.Build.0 = Release|Any CPU
		{20A9D999-C223-4885-849A-9B9F8412496F}.Release|x64.ActiveCfg = Release|Any CPU
		{20A9D999-C223-4885-849A-9B9F8412496F}.Release|x64.Build.0 = Release|Any CPU
		{20A9D999-C223-4885-849A-9B9F8412496F}.Release|x86.ActiveCfg = Release|Any CPU
		{20A9D999-C223-4885-849A-9B9F8412496F}.Release|x86.Build.0 = Release|Any CPU
		{D98ECD59-23C9-487B-909E-027998E9821C}.Debug|Any CPU.ActiveCfg = Debug|Any CPU
		{D98ECD59-23C9-487B-909E-027998E9821C}.Debug|Any CPU.Build.0 = Debug|Any CPU
		{D98ECD59-23C9-487B-909E-027998E9821C}.Debug|x64.ActiveCfg = Debug|Any CPU
		{D98ECD59-23C9-487B-909E-027998E9821C}.Debug|x64.Build.0 = Debug|Any CPU
		{D98ECD59-23C9-487B-909E-027998E9821C}.Debug|x86.ActiveCfg = Debug|Any CPU
		{D98ECD59-23C9-487B-909E-027998E9821C}.Debug|x86.Build.0 = Debug|Any CPU
		{D98ECD59-23C9-487B-909E-027998E9821C}.Release|Any CPU.ActiveCfg = Release|Any CPU
		{D98ECD59-23C9-487B-909E-027998E9821C}.Release|Any CPU.Build.0 = Release|Any CPU
		{D98ECD59-23C9-487B-909E-027998E9821C}.Release|x64.ActiveCfg = Release|Any CPU
		{D98ECD59-23C9-487B-909E-027998E9821C}.Release|x64.Build.0 = Release|Any CPU
		{D98ECD59-23C9-487B-909E-027998E9821C}.Release|x86.ActiveCfg = Release|Any CPU
		{D98ECD59-23C9-487B-909E-027998E9821C}.Release|x86.Build.0 = Release|Any CPU
		{8BA4050C-7CE9-4CA3-97BD-0CCBBFDA39BA}.Debug|Any CPU.ActiveCfg = Debug|Any CPU
		{8BA4050C-7CE9-4CA3-97BD-0CCBBFDA39BA}.Debug|Any CPU.Build.0 = Debug|Any CPU
		{8BA4050C-7CE9-4CA3-97BD-0CCBBFDA39BA}.Debug|x64.ActiveCfg = Debug|Any CPU
		{8BA4050C-7CE9-4CA3-97BD-0CCBBFDA39BA}.Debug|x64.Build.0 = Debug|Any CPU
		{8BA4050C-7CE9-4CA3-97BD-0CCBBFDA39BA}.Debug|x86.ActiveCfg = Debug|Any CPU
		{8BA4050C-7CE9-4CA3-97BD-0CCBBFDA39BA}.Debug|x86.Build.0 = Debug|Any CPU
		{8BA4050C-7CE9-4CA3-97BD-0CCBBFDA39BA}.Release|Any CPU.ActiveCfg = Release|Any CPU
		{8BA4050C-7CE9-4CA3-97BD-0CCBBFDA39BA}.Release|Any CPU.Build.0 = Release|Any CPU
		{8BA4050C-7CE9-4CA3-97BD-0CCBBFDA39BA}.Release|x64.ActiveCfg = Release|Any CPU
		{8BA4050C-7CE9-4CA3-97BD-0CCBBFDA39BA}.Release|x64.Build.0 = Release|Any CPU
		{8BA4050C-7CE9-4CA3-97BD-0CCBBFDA39BA}.Release|x86.ActiveCfg = Release|Any CPU
		{8BA4050C-7CE9-4CA3-97BD-0CCBBFDA39BA}.Release|x86.Build.0 = Release|Any CPU
		{E80200DF-0585-4E8C-940A-68856A08754B}.Debug|Any CPU.ActiveCfg = Debug|Any CPU
		{E80200DF-0585-4E8C-940A-68856A08754B}.Debug|Any CPU.Build.0 = Debug|Any CPU
		{E80200DF-0585-4E8C-940A-68856A08754B}.Debug|x64.ActiveCfg = Debug|Any CPU
		{E80200DF-0585-4E8C-940A-68856A08754B}.Debug|x64.Build.0 = Debug|Any CPU
		{E80200DF-0585-4E8C-940A-68856A08754B}.Debug|x86.ActiveCfg = Debug|Any CPU
		{E80200DF-0585-4E8C-940A-68856A08754B}.Debug|x86.Build.0 = Debug|Any CPU
		{E80200DF-0585-4E8C-940A-68856A08754B}.Release|Any CPU.ActiveCfg = Release|Any CPU
		{E80200DF-0585-4E8C-940A-68856A08754B}.Release|Any CPU.Build.0 = Release|Any CPU
		{E80200DF-0585-4E8C-940A-68856A08754B}.Release|x64.ActiveCfg = Release|Any CPU
		{E80200DF-0585-4E8C-940A-68856A08754B}.Release|x64.Build.0 = Release|Any CPU
		{E80200DF-0585-4E8C-940A-68856A08754B}.Release|x86.ActiveCfg = Release|Any CPU
		{E80200DF-0585-4E8C-940A-68856A08754B}.Release|x86.Build.0 = Release|Any CPU
		{132BD84C-C2E4-4C12-B70D-5E4D0AF5AF14}.Debug|Any CPU.ActiveCfg = Debug|Any CPU
		{132BD84C-C2E4-4C12-B70D-5E4D0AF5AF14}.Debug|Any CPU.Build.0 = Debug|Any CPU
		{132BD84C-C2E4-4C12-B70D-5E4D0AF5AF14}.Debug|x64.ActiveCfg = Debug|Any CPU
		{132BD84C-C2E4-4C12-B70D-5E4D0AF5AF14}.Debug|x64.Build.0 = Debug|Any CPU
		{132BD84C-C2E4-4C12-B70D-5E4D0AF5AF14}.Debug|x86.ActiveCfg = Debug|Any CPU
		{132BD84C-C2E4-4C12-B70D-5E4D0AF5AF14}.Debug|x86.Build.0 = Debug|Any CPU
		{132BD84C-C2E4-4C12-B70D-5E4D0AF5AF14}.Release|Any CPU.ActiveCfg = Release|Any CPU
		{132BD84C-C2E4-4C12-B70D-5E4D0AF5AF14}.Release|Any CPU.Build.0 = Release|Any CPU
		{132BD84C-C2E4-4C12-B70D-5E4D0AF5AF14}.Release|x64.ActiveCfg = Release|Any CPU
		{132BD84C-C2E4-4C12-B70D-5E4D0AF5AF14}.Release|x64.Build.0 = Release|Any CPU
		{132BD84C-C2E4-4C12-B70D-5E4D0AF5AF14}.Release|x86.ActiveCfg = Release|Any CPU
		{132BD84C-C2E4-4C12-B70D-5E4D0AF5AF14}.Release|x86.Build.0 = Release|Any CPU
	EndGlobalSection
	GlobalSection(SolutionProperties) = preSolution
		HideSolutionNode = FALSE
	EndGlobalSection
	GlobalSection(NestedProjects) = preSolution
		{538BD570-0350-4CD4-865D-3C4089C2B4C6} = {A112FA9A-362C-4BDA-8ECE-CE947D15A77E}
		{3B994537-17FB-4D0A-B150-C9C23FE07D4B} = {B05E5686-1D65-4C6F-9D3D-46085308BD61}
		{D6F87D30-AD26-4AA5-A06C-05D0ACE14401} = {953F87EF-0B57-4E51-8FE2-5751C5EA85DA}
		{6FB05845-D5C8-4796-839C-12DECC570512} = {A112FA9A-362C-4BDA-8ECE-CE947D15A77E}
		{DC0A2C9B-B7D5-426E-AAA7-46320F9DF846} = {B05E5686-1D65-4C6F-9D3D-46085308BD61}
		{B2D1B603-6554-4CA1-8675-FE2DB20BCAE2} = {A112FA9A-362C-4BDA-8ECE-CE947D15A77E}
		{20A9D999-C223-4885-849A-9B9F8412496F} = {953F87EF-0B57-4E51-8FE2-5751C5EA85DA}
		{D98ECD59-23C9-487B-909E-027998E9821C} = {B05E5686-1D65-4C6F-9D3D-46085308BD61}
		{8BA4050C-7CE9-4CA3-97BD-0CCBBFDA39BA} = {A112FA9A-362C-4BDA-8ECE-CE947D15A77E}
		{E80200DF-0585-4E8C-940A-68856A08754B} = {B05E5686-1D65-4C6F-9D3D-46085308BD61}
		{132BD84C-C2E4-4C12-B70D-5E4D0AF5AF14} = {953F87EF-0B57-4E51-8FE2-5751C5EA85DA}
	EndGlobalSection
EndGlobal
